
Microsoft Visual Studio Solution File, Format Version 12.00
# Visual Studio Version 16
VisualStudioVersion = 16.0.30002.166
MinimumVisualStudioVersion = 10.0.40219.1
Project("{2150E333-8FDC-42A3-9474-1A3956D46DE8}") = "Solution Items", "Solution Items", "{E8DE5846-0410-40FB-BC65-4B2216B80CB5}"
	ProjectSection(SolutionItems) = preProject
		license.txt = license.txt
		readme.md = readme.md
	EndProjectSection
EndProject
Project("{8BC9CEB8-8B4A-11D0-8D11-00A0C91BC942}") = "GUIV2", "GUIV2\GUIV2.vcxproj", "{3C34064B-066E-40FB-AA41-C4CF263914DF}"
EndProject
Project("{8BC9CEB8-8B4A-11D0-8D11-00A0C91BC942}") = "CoreUWP", "CoreUWP\CoreUWP.vcxproj", "{9E699ABA-1E5E-4ECF-9663-2D67BEAE999F}"
EndProject
Project("{8BC9CEB8-8B4A-11D0-8D11-00A0C91BC942}") = "AlgorithmUWP", "AlgorithmUWP\AlgorithmUWP.vcxproj", "{421F7161-6702-4D7B-9484-B5B440691071}"
EndProject
Project("{8BC9CEB8-8B4A-11D0-8D11-00A0C91BC942}") = "EthyfierCalculatorWrapper", "EthyfierCalculatorWrapper\EthyfierCalculatorWrapper.vcxproj", "{CC39EBC5-ADFE-474C-92DC-1F01D5370732}"
EndProject
Global
	GlobalSection(SolutionConfigurationPlatforms) = preSolution
		Debug|Any CPU = Debug|Any CPU
		Debug|ARM = Debug|ARM
		Debug|ARM64 = Debug|ARM64
		Debug|x64 = Debug|x64
		Debug|x86 = Debug|x86
		Release|Any CPU = Release|Any CPU
		Release|ARM = Release|ARM
		Release|ARM64 = Release|ARM64
		Release|x64 = Release|x64
		Release|x86 = Release|x86
	EndGlobalSection
	GlobalSection(ProjectConfigurationPlatforms) = postSolution
		{3C34064B-066E-40FB-AA41-C4CF263914DF}.Debug|Any CPU.ActiveCfg = Debug|Win32
		{3C34064B-066E-40FB-AA41-C4CF263914DF}.Debug|ARM.ActiveCfg = Debug|ARM
		{3C34064B-066E-40FB-AA41-C4CF263914DF}.Debug|ARM.Build.0 = Debug|ARM
		{3C34064B-066E-40FB-AA41-C4CF263914DF}.Debug|ARM.Deploy.0 = Debug|ARM
		{3C34064B-066E-40FB-AA41-C4CF263914DF}.Debug|ARM64.ActiveCfg = Debug|ARM64
		{3C34064B-066E-40FB-AA41-C4CF263914DF}.Debug|ARM64.Build.0 = Debug|ARM64
		{3C34064B-066E-40FB-AA41-C4CF263914DF}.Debug|ARM64.Deploy.0 = Debug|ARM64
		{3C34064B-066E-40FB-AA41-C4CF263914DF}.Debug|x64.ActiveCfg = Debug|x64
		{3C34064B-066E-40FB-AA41-C4CF263914DF}.Debug|x64.Build.0 = Debug|x64
		{3C34064B-066E-40FB-AA41-C4CF263914DF}.Debug|x64.Deploy.0 = Debug|x64
		{3C34064B-066E-40FB-AA41-C4CF263914DF}.Debug|x86.ActiveCfg = Debug|Win32
		{3C34064B-066E-40FB-AA41-C4CF263914DF}.Debug|x86.Build.0 = Debug|Win32
		{3C34064B-066E-40FB-AA41-C4CF263914DF}.Debug|x86.Deploy.0 = Debug|Win32
		{3C34064B-066E-40FB-AA41-C4CF263914DF}.Release|Any CPU.ActiveCfg = Release|Win32
		{3C34064B-066E-40FB-AA41-C4CF263914DF}.Release|ARM.ActiveCfg = Release|ARM
		{3C34064B-066E-40FB-AA41-C4CF263914DF}.Release|ARM.Build.0 = Release|ARM
		{3C34064B-066E-40FB-AA41-C4CF263914DF}.Release|ARM.Deploy.0 = Release|ARM
		{3C34064B-066E-40FB-AA41-C4CF263914DF}.Release|ARM64.ActiveCfg = Release|ARM64
		{3C34064B-066E-40FB-AA41-C4CF263914DF}.Release|ARM64.Build.0 = Release|ARM64
		{3C34064B-066E-40FB-AA41-C4CF263914DF}.Release|ARM64.Deploy.0 = Release|ARM64
		{3C34064B-066E-40FB-AA41-C4CF263914DF}.Release|x64.ActiveCfg = Release|x64
		{3C34064B-066E-40FB-AA41-C4CF263914DF}.Release|x64.Build.0 = Release|x64
		{3C34064B-066E-40FB-AA41-C4CF263914DF}.Release|x64.Deploy.0 = Release|x64
		{3C34064B-066E-40FB-AA41-C4CF263914DF}.Release|x86.ActiveCfg = Release|Win32
		{3C34064B-066E-40FB-AA41-C4CF263914DF}.Release|x86.Build.0 = Release|Win32
		{3C34064B-066E-40FB-AA41-C4CF263914DF}.Release|x86.Deploy.0 = Release|Win32
		{9E699ABA-1E5E-4ECF-9663-2D67BEAE999F}.Debug|Any CPU.ActiveCfg = Debug|Win32
		{9E699ABA-1E5E-4ECF-9663-2D67BEAE999F}.Debug|ARM.ActiveCfg = Debug|ARM
		{9E699ABA-1E5E-4ECF-9663-2D67BEAE999F}.Debug|ARM.Build.0 = Debug|ARM
		{9E699ABA-1E5E-4ECF-9663-2D67BEAE999F}.Debug|ARM64.ActiveCfg = Debug|Win32
		{9E699ABA-1E5E-4ECF-9663-2D67BEAE999F}.Debug|x64.ActiveCfg = Debug|x64
		{9E699ABA-1E5E-4ECF-9663-2D67BEAE999F}.Debug|x64.Build.0 = Debug|x64
		{9E699ABA-1E5E-4ECF-9663-2D67BEAE999F}.Debug|x86.ActiveCfg = Debug|Win32
		{9E699ABA-1E5E-4ECF-9663-2D67BEAE999F}.Debug|x86.Build.0 = Debug|Win32
		{9E699ABA-1E5E-4ECF-9663-2D67BEAE999F}.Release|Any CPU.ActiveCfg = Release|Win32
		{9E699ABA-1E5E-4ECF-9663-2D67BEAE999F}.Release|ARM.ActiveCfg = Release|ARM
		{9E699ABA-1E5E-4ECF-9663-2D67BEAE999F}.Release|ARM.Build.0 = Release|ARM
		{9E699ABA-1E5E-4ECF-9663-2D67BEAE999F}.Release|ARM64.ActiveCfg = Release|Win32
		{9E699ABA-1E5E-4ECF-9663-2D67BEAE999F}.Release|x64.ActiveCfg = Release|x64
		{9E699ABA-1E5E-4ECF-9663-2D67BEAE999F}.Release|x64.Build.0 = Release|x64
		{9E699ABA-1E5E-4ECF-9663-2D67BEAE999F}.Release|x86.ActiveCfg = Release|Win32
		{9E699ABA-1E5E-4ECF-9663-2D67BEAE999F}.Release|x86.Build.0 = Release|Win32
		{421F7161-6702-4D7B-9484-B5B440691071}.Debug|Any CPU.ActiveCfg = Debug|Win32
		{421F7161-6702-4D7B-9484-B5B440691071}.Debug|ARM.ActiveCfg = Debug|ARM
		{421F7161-6702-4D7B-9484-B5B440691071}.Debug|ARM.Build.0 = Debug|ARM
		{421F7161-6702-4D7B-9484-B5B440691071}.Debug|ARM64.ActiveCfg = Debug|Win32
		{421F7161-6702-4D7B-9484-B5B440691071}.Debug|x64.ActiveCfg = Debug|x64
		{421F7161-6702-4D7B-9484-B5B440691071}.Debug|x64.Build.0 = Debug|x64
		{421F7161-6702-4D7B-9484-B5B440691071}.Debug|x86.ActiveCfg = Debug|Win32
		{421F7161-6702-4D7B-9484-B5B440691071}.Debug|x86.Build.0 = Debug|Win32
		{421F7161-6702-4D7B-9484-B5B440691071}.Release|Any CPU.ActiveCfg = Release|Win32
		{421F7161-6702-4D7B-9484-B5B440691071}.Release|ARM.ActiveCfg = Release|ARM
		{421F7161-6702-4D7B-9484-B5B440691071}.Release|ARM.Build.0 = Release|ARM
		{421F7161-6702-4D7B-9484-B5B440691071}.Release|ARM64.ActiveCfg = Release|Win32
		{421F7161-6702-4D7B-9484-B5B440691071}.Release|x64.ActiveCfg = Release|x64
		{421F7161-6702-4D7B-9484-B5B440691071}.Release|x64.Build.0 = Release|x64
		{421F7161-6702-4D7B-9484-B5B440691071}.Release|x86.ActiveCfg = Release|Win32
		{421F7161-6702-4D7B-9484-B5B440691071}.Release|x86.Build.0 = Release|Win32
		{CC39EBC5-ADFE-474C-92DC-1F01D5370732}.Debug|Any CPU.ActiveCfg = Debug|Win32
		{CC39EBC5-ADFE-474C-92DC-1F01D5370732}.Debug|ARM.ActiveCfg = Debug|ARM
		{CC39EBC5-ADFE-474C-92DC-1F01D5370732}.Debug|ARM.Build.0 = Debug|ARM
		{CC39EBC5-ADFE-474C-92DC-1F01D5370732}.Debug|ARM64.ActiveCfg = Debug|Win32
		{CC39EBC5-ADFE-474C-92DC-1F01D5370732}.Debug|x64.ActiveCfg = Debug|x64
		{CC39EBC5-ADFE-474C-92DC-1F01D5370732}.Debug|x64.Build.0 = Debug|x64
		{CC39EBC5-ADFE-474C-92DC-1F01D5370732}.Debug|x86.ActiveCfg = Debug|Win32
		{CC39EBC5-ADFE-474C-92DC-1F01D5370732}.Debug|x86.Build.0 = Debug|Win32
		{CC39EBC5-ADFE-474C-92DC-1F01D5370732}.Release|Any CPU.ActiveCfg = Release|Win32
		{CC39EBC5-ADFE-474C-92DC-1F01D5370732}.Release|ARM.ActiveCfg = Release|ARM
		{CC39EBC5-ADFE-474C-92DC-1F01D5370732}.Release|ARM.Build.0 = Release|ARM
		{CC39EBC5-ADFE-474C-92DC-1F01D5370732}.Release|ARM64.ActiveCfg = Release|Win32
		{CC39EBC5-ADFE-474C-92DC-1F01D5370732}.Release|x64.ActiveCfg = Release|x64
		{CC39EBC5-ADFE-474C-92DC-1F01D5370732}.Release|x64.Build.0 = Release|x64
		{CC39EBC5-ADFE-474C-92DC-1F01D5370732}.Release|x86.ActiveCfg = Release|Win32
		{CC39EBC5-ADFE-474C-92DC-1F01D5370732}.Release|x86.Build.0 = Release|Win32
	EndGlobalSection
	GlobalSection(SolutionProperties) = preSolution
		HideSolutionNode = FALSE
	EndGlobalSection
	GlobalSection(ExtensibilityGlobals) = postSolution
		SolutionGuid = {F801B1AB-D0C3-40A2-9449-D3E39D97A5D9}
	EndGlobalSection
EndGlobal
